
Microsoft Visual Studio Solution File, Format Version 12.00
# Visual Studio Version 16
VisualStudioVersion = 16.0.31911.196
MinimumVisualStudioVersion = 10.0.40219.1
Project("{FAE04EC0-301F-11D3-BF4B-00C04F79EFBC}") = "FirstHomeWork", "FirstHomeWork\FirstHomeWork.csproj", "{8CE6FE64-75D6-443D-A633-AB61A8FB6E9A}"
EndProject
Global
	GlobalSection(SolutionConfigurationPlatforms) = preSolution
		Debug|Any CPU = Debug|Any CPU
		Release|Any CPU = Release|Any CPU
	EndGlobalSection
	GlobalSection(ProjectConfigurationPlatforms) = postSolution
		{8CE6FE64-75D6-443D-A633-AB61A8FB6E9A}.Debug|Any CPU.ActiveCfg = Debug|Any CPU
		{8CE6FE64-75D6-443D-A633-AB61A8FB6E9A}.Debug|Any CPU.Build.0 = Debug|Any CPU
		{8CE6FE64-75D6-443D-A633-AB61A8FB6E9A}.Release|Any CPU.ActiveCfg = Release|Any CPU
		{8CE6FE64-75D6-443D-A633-AB61A8FB6E9A}.Release|Any CPU.Build.0 = Release|Any CPU
	EndGlobalSection
	GlobalSection(SolutionProperties) = preSolution
		HideSolutionNode = FALSE
	EndGlobalSection
	GlobalSection(ExtensibilityGlobals) = postSolution
		SolutionGuid = {8122C119-0A1B-4403-977B-B423E37147AC}
	EndGlobalSection
EndGlobal
